
Microsoft Visual Studio Solution File, Format Version 12.00
# Visual Studio Version 17
VisualStudioVersion = 17.2.32602.215
MinimumVisualStudioVersion = 10.0.40219.1
Project("{FAE04EC0-301F-11D3-BF4B-00C04F79EFBC}") = "Nification", "Nification\Nification.csproj", "{2A3C542A-5FED-416D-A332-203F0BF00FE6}"
EndProject
Global
	GlobalSection(SolutionConfigurationPlatforms) = preSolution
		Debug|Any CPU = Debug|Any CPU
		Release|Any CPU = Release|Any CPU
	EndGlobalSection
	GlobalSection(ProjectConfigurationPlatforms) = postSolution
		{2A3C542A-5FED-416D-A332-203F0BF00FE6}.Debug|Any CPU.ActiveCfg = Debug|Any CPU
		{2A3C542A-5FED-416D-A332-203F0BF00FE6}.Debug|Any CPU.Build.0 = Debug|Any CPU
		{2A3C542A-5FED-416D-A332-203F0BF00FE6}.Release|Any CPU.ActiveCfg = Release|Any CPU
		{2A3C542A-5FED-416D-A332-203F0BF00FE6}.Release|Any CPU.Build.0 = Release|Any CPU
	EndGlobalSection
	GlobalSection(SolutionProperties) = preSolution
		HideSolutionNode = FALSE
	EndGlobalSection
	GlobalSection(ExtensibilityGlobals) = postSolution
		SolutionGuid = {0D687F92-E3F8-4E9E-956C-DB4850A1A62F}
	EndGlobalSection
EndGlobal
